<?xml version="1.0" encoding="utf-8"?>
<Project ToolsVersion="4.0" xmlns="http://schemas.microsoft.com/developer/msbuild/2003">
  <ItemGroup>
    <Filter Include="Source Files">
      <UniqueIdentifier>{4FC737F1-C7A5-4376-A066-2A32D752A2FF}</UniqueIdentifier>
      <Extensions>cpp;c;cc;cxx;def;odl;idl;hpj;bat;asm;asmx</Extensions>
    </Filter>
    <Filter Include="Header Files">
      <UniqueIdentifier>{93995380-89BD-4b04-88EB-625FBE52EBFB}</UniqueIdentifier>
      <Extensions>h;hh;hpp;hxx;hm;inl;inc;ipp;xsd</Extensions>
    </Filter>
    <Filter Include="Resource Files">
      <UniqueIdentifier>{67DA6AB6-F800-4c08-8B7A-83BB121AAD01}</UniqueIdentifier>
      <Extensions>rc;ico;cur;bmp;dlg;rc2;rct;bin;rgs;gif;jpg;jpeg;jpe;resx;tiff;tif;png;wav;mfcribbon-ms</Extensions>
    </Filter>
  </ItemGroup>
  <ItemGroup>
    <ClCompile Include="vendor\nfd_common.c">
      <Filter>Source Files</Filter>
    </ClCompile>
    <ClCompile Include="vendor\nfd_win.cpp">
      <Filter>Source Files</Filter>
    </ClCompile>
    <ClCompile Include="math\graphOperations.cpp">
      <Filter>Source Files</Filter>
    </ClCompile>
    <ClCompile Include="math\vectorOperators.cpp">
      <Filter>Source Files</Filter>
    </ClCompile>
    <ClCompile Include="math\uiMath.cpp">
      <Filter>Source Files</Filter>
    </ClCompile>
    <ClCompile Include="interface\uiColorPicker.cpp">
      <Filter>Source Files</Filter>
    </ClCompile>
    <ClCompile Include="interface\uiInputField.cpp">
      <Filter>Source Files</Filter>
    </ClCompile>
    <ClCompile Include="interface\uiData.cpp">
      <Filter>Source Files</Filter>
    </ClCompile>
    <ClCompile Include="main.cpp">
      <Filter>Source Files</Filter>
    </ClCompile>
    <ClCompile Include="interface\uiFileSelectorNFD.cpp">
      <Filter>Source Files</Filter>
    </ClCompile>
    <ClCompile Include="interface\uiConnections.cpp">
      <Filter>Source Files</Filter>
    </ClCompile>
    <ClCompile Include="interface\uiNode.cpp">
      <Filter>Source Files</Filter>
    </ClCompile>
    <ClCompile Include="interface\uiSearchBar.cpp">
      <Filter>Source Files</Filter>
    </ClCompile>
    <ClCompile Include="interface\uiNodeSystem.cpp">
      <Filter>Source Files</Filter>
    </ClCompile>
    <ClCompile Include="logic\connectionSystem.cpp">
      <Filter>Source Files</Filter>
    </ClCompile>
    <ClCompile Include="logic\nodeSystem.cpp">
      <Filter>Source Files</Filter>
    </ClCompile>
    <ClCompile Include="interface\uiViewport.cpp">
      <Filter>Source Files</Filter>
    </ClCompile>
    <ClCompile Include="logic\node.cpp">
      <Filter>Source Files</Filter>
    </ClCompile>
    <ClCompile Include="nodeProvider\nodeProvider.cpp">
      <Filter>Source Files</Filter>
    </ClCompile>
    <ClCompile Include="utils.cpp">
      <Filter>Source Files</Filter>
    </ClCompile>
    <ClCompile Include="searcher.cpp">
      <Filter>Source Files</Filter>
    </ClCompile>
    <ClCompile Include="nodeProvider\nodeFunctionality.cpp">
      <Filter>Source Files</Filter>
    </ClCompile>
  </ItemGroup>
  <ItemGroup>
    <ClInclude Include="res\nodes.dat">
      <Filter>Header Files</Filter>
    </ClInclude>
    <ClInclude Include="vendor\nfd.h">
      <Filter>Header Files</Filter>
    </ClInclude>
    <ClInclude Include="vendor\nfd_common.h">
      <Filter>Header Files</Filter>
    </ClInclude>
    <ClInclude Include="nodeData.h">
      <Filter>Header Files</Filter>
    </ClInclude>
    <ClInclude Include="math\graphOperations.h">
      <Filter>Header Files</Filter>
    </ClInclude>
    <ClInclude Include="math\vectorOperators.h">
      <Filter>Header Files</Filter>
    </ClInclude>
    <ClInclude Include="math\uiMath.h">
      <Filter>Header Files</Filter>
    </ClInclude>
    <ClInclude Include="interface\uiColorPicker.h">
      <Filter>Header Files</Filter>
    </ClInclude>
    <ClInclude Include="interface\uiInputField.h">
      <Filter>Header Files</Filter>
    </ClInclude>
    <ClInclude Include="interface\uiData.h">
      <Filter>Header Files</Filter>
    </ClInclude>
    <ClInclude Include="types.h">
      <Filter>Header Files</Filter>
    </ClInclude>
    <ClInclude Include="interface\uiFileSelector.h">
      <Filter>Header Files</Filter>
    </ClInclude>
    <ClInclude Include="interface\uiConnections.h">
      <Filter>Header Files</Filter>
    </ClInclude>
    <ClInclude Include="interface\uiNode.h">
      <Filter>Header Files</Filter>
    </ClInclude>
    <ClInclude Include="interface\uiSearchBar.h">
      <Filter>Header Files</Filter>
    </ClInclude>
    <ClInclude Include="interface\uiNodeSystem.h">
      <Filter>Header Files</Filter>
    </ClInclude>
    <ClInclude Include="logic\connectionSystem.h">
      <Filter>Header Files</Filter>
    </ClInclude>
    <ClInclude Include="logic\nodeSystem.h">
      <Filter>Header Files</Filter>
    </ClInclude>
    <ClInclude Include="interface\uiViewport.h">
      <Filter>Header Files</Filter>
    </ClInclude>
    <ClInclude Include="logic\connection.h">
      <Filter>Header Files</Filter>
    </ClInclude>
    <ClInclude Include="logic\node.h">
      <Filter>Header Files</Filter>
    </ClInclude>
    <ClInclude Include="nodeProvider\nodeProvider.h">
      <Filter>Header Files</Filter>
    </ClInclude>
    <ClInclude Include="utils.h">
      <Filter>Header Files</Filter>
    </ClInclude>
    <ClInclude Include="searcher.h">
      <Filter>Header Files</Filter>
    </ClInclude>
    <ClInclude Include="nodeProvider\nodeFunctionality.h">
      <Filter>Header Files</Filter>
    </ClInclude>
  </ItemGroup>
</Project>