<?xml version="1.0" encoding="utf-8"?>
<Project ToolsVersion="4.0" xmlns="http://schemas.microsoft.com/developer/msbuild/2003">
  <ItemGroup>
    <Filter Include="Source Files">
      <UniqueIdentifier>{4FC737F1-C7A5-4376-A066-2A32D752A2FF}</UniqueIdentifier>
      <Extensions>cpp;c;cc;cxx;def;odl;idl;hpj;bat;asm;asmx</Extensions>
    </Filter>
    <Filter Include="Header Files">
      <UniqueIdentifier>{93995380-89BD-4b04-88EB-625FBE52EBFB}</UniqueIdentifier>
      <Extensions>h;hh;hpp;hxx;hm;inl;inc;ipp;xsd</Extensions>
    </Filter>
    <Filter Include="Resource Files">
      <UniqueIdentifier>{67DA6AB6-F800-4c08-8B7A-83BB121AAD01}</UniqueIdentifier>
      <Extensions>rc;ico;cur;bmp;dlg;rc2;rct;bin;rgs;gif;jpg;jpeg;jpe;resx;tiff;tif;png;wav;mfcribbon-ms</Extensions>
    </Filter>
  </ItemGroup>
  <ItemGroup>
    <ClCompile Include="dataController.cpp">
      <Filter>Source Files</Filter>
    </ClCompile>
    <ClCompile Include="vendor\nfd_common.c">
      <Filter>Source Files</Filter>
    </ClCompile>
    <ClCompile Include="vendor\nfd_win.cpp">
      <Filter>Source Files</Filter>
    </ClCompile>
    <ClCompile Include="math\graphOperations.cpp">
      <Filter>Source Files</Filter>
    </ClCompile>
    <ClCompile Include="math\vectorOperators.cpp">
      <Filter>Source Files</Filter>
    </ClCompile>
    <ClCompile Include="math\uiMath.cpp">
      <Filter>Source Files</Filter>
    </ClCompile>
    <ClCompile Include="node_system\logicalConnection.cpp">
      <Filter>Source Files</Filter>
    </ClCompile>
    <ClCompile Include="node_system\logicalConnections.cpp">
      <Filter>Source Files</Filter>
    </ClCompile>
    <ClCompile Include="node_system\logicalNode.cpp">
      <Filter>Source Files</Filter>
    </ClCompile>
    <ClCompile Include="node_system\uiConnections.cpp">
      <Filter>Source Files</Filter>
    </ClCompile>
    <ClCompile Include="node_system\uiNode.cpp">
      <Filter>Source Files</Filter>
    </ClCompile>
    <ClCompile Include="interface\uiColorPicker.cpp">
      <Filter>Source Files</Filter>
    </ClCompile>
    <ClCompile Include="interface\uiInputField.cpp">
      <Filter>Source Files</Filter>
    </ClCompile>
    <ClCompile Include="nodeFunctionality.cpp">
      <Filter>Source Files</Filter>
    </ClCompile>
    <ClCompile Include="interface\uiData.cpp">
      <Filter>Source Files</Filter>
    </ClCompile>
    <ClCompile Include="main.cpp">
      <Filter>Source Files</Filter>
    </ClCompile>
    <ClCompile Include="viewport.cpp">
      <Filter>Source Files</Filter>
    </ClCompile>
    <ClCompile Include="searchBar.cpp">
      <Filter>Source Files</Filter>
    </ClCompile>
    <ClCompile Include="uiNodeSystem.cpp">
      <Filter>Source Files</Filter>
    </ClCompile>
    <ClCompile Include="nodeSystem.cpp">
      <Filter>Source Files</Filter>
    </ClCompile>
  </ItemGroup>
  <ItemGroup>
    <ClInclude Include="res\nodes.dat">
      <Filter>Header Files</Filter>
    </ClInclude>
    <ClInclude Include="dataController.h">
      <Filter>Header Files</Filter>
    </ClInclude>
    <ClInclude Include="vendor\nfd.h">
      <Filter>Header Files</Filter>
    </ClInclude>
    <ClInclude Include="vendor\nfd_common.h">
      <Filter>Header Files</Filter>
    </ClInclude>
    <ClInclude Include="nodeData.h">
      <Filter>Header Files</Filter>
    </ClInclude>
    <ClInclude Include="math\graphOperations.h">
      <Filter>Header Files</Filter>
    </ClInclude>
    <ClInclude Include="math\vectorOperators.h">
      <Filter>Header Files</Filter>
    </ClInclude>
    <ClInclude Include="math\uiMath.h">
      <Filter>Header Files</Filter>
    </ClInclude>
    <ClInclude Include="node_system\logicalConnection.h">
      <Filter>Header Files</Filter>
    </ClInclude>
    <ClInclude Include="node_system\logicalConnections.h">
      <Filter>Header Files</Filter>
    </ClInclude>
    <ClInclude Include="node_system\logicalNode.h">
      <Filter>Header Files</Filter>
    </ClInclude>
    <ClInclude Include="node_system\uiConnections.h">
      <Filter>Header Files</Filter>
    </ClInclude>
    <ClInclude Include="node_system\uiNode.h">
      <Filter>Header Files</Filter>
    </ClInclude>
    <ClInclude Include="interface\uiColorPicker.h">
      <Filter>Header Files</Filter>
    </ClInclude>
    <ClInclude Include="interface\uiInputField.h">
      <Filter>Header Files</Filter>
    </ClInclude>
    <ClInclude Include="nodeFunctionality.h">
      <Filter>Header Files</Filter>
    </ClInclude>
    <ClInclude Include="interface\uiData.h">
      <Filter>Header Files</Filter>
    </ClInclude>
    <ClInclude Include="types.h">
      <Filter>Header Files</Filter>
    </ClInclude>
    <ClInclude Include="viewport.h">
      <Filter>Header Files</Filter>
    </ClInclude>
    <ClInclude Include="searchBar.h">
      <Filter>Header Files</Filter>
    </ClInclude>
    <ClInclude Include="uiNodeSystem.h">
      <Filter>Header Files</Filter>
    </ClInclude>
    <ClInclude Include="nodeSystem.h">
      <Filter>Header Files</Filter>
    </ClInclude>
  </ItemGroup>
</Project>